# THIS IS AN AUTOGENERATED FILE. DO NOT EDIT THIS FILE DIRECTLY.
# yarn lockfile v1


clone@^2.1.0:
  version "2.1.0"
  resolved "https://registry.yarnpkg.com/clone/-/clone-2.1.0.tgz#9c715bfbd39aa197c8ee0f8e65c3912ba34f8cd6"

faye-websocket@>=0.6.0:
  version "0.11.0"
  resolved "https://registry.yarnpkg.com/faye-websocket/-/faye-websocket-0.11.0.tgz#d9ccf0e789e7db725d74bc4877d23aa42972ac50"
  dependencies:
    websocket-driver ">=0.5.1"

firebase-rolling-log@^0.2.0:
  version "0.2.0"
  resolved "https://registry.yarnpkg.com/firebase-rolling-log/-/firebase-rolling-log-0.2.0.tgz#dd358e1926347f76305efd108a1ae7c385c00685"

firebase-token-generator@^2.0.0:
  version "2.0.0"
  resolved "https://registry.yarnpkg.com/firebase-token-generator/-/firebase-token-generator-2.0.0.tgz#9767d759ec13abdc99ba115fd5ea99d8b93d1206"

firebase@^2.2:
  version "2.4.2"
  resolved "https://registry.yarnpkg.com/firebase/-/firebase-2.4.2.tgz#4e1119ec0396ca561d8a7acbff1630feac6c0a31"
  dependencies:
    faye-websocket ">=0.6.0"

lodash@^3.10.1:
  version "3.10.1"
  resolved "https://registry.yarnpkg.com/lodash/-/lodash-3.10.1.tgz#5bf45e8e49ba4189e17d482789dfd15bd140b7b6"

lru-cache@^4.0.0:
  version "4.0.2"
  resolved "https://registry.yarnpkg.com/lru-cache/-/lru-cache-4.0.2.tgz#1d17679c069cda5d040991a09dbc2c0db377e55e"
  dependencies:
    pseudomap "^1.0.1"
    yallist "^2.0.0"

pseudomap@^1.0.1:
  version "1.0.2"
  resolved "https://registry.yarnpkg.com/pseudomap/-/pseudomap-1.0.2.tgz#f052a28da70e618917ef0a8ac34c1ae5a68286b3"

websocket-driver@>=0.5.1:
  version "0.6.5"
  resolved "https://registry.yarnpkg.com/websocket-driver/-/websocket-driver-0.6.5.tgz#5cb2556ceb85f4373c6d8238aa691c8454e13a36"
  dependencies:
    websocket-extensions ">=0.1.1"

websocket-extensions@>=0.1.1:
  version "0.1.1"
  resolved "https://registry.yarnpkg.com/websocket-extensions/-/websocket-extensions-0.1.1.tgz#76899499c184b6ef754377c2dbb0cd6cb55d29e7"

yallist@^2.0.0:
  version "2.0.0"
  resolved "https://registry.yarnpkg.com/yallist/-/yallist-2.0.0.tgz#306c543835f09ee1a4cb23b7bce9ab341c91cdd4"
